// !$*UTF8*$!
{
	archiveVersion = 1;
	classes = {
	};
	objectVersion = 46;
	objects = {

/* Begin PBXBuildFile section */
		578A791F81638C5943246413 /* Pods_stooqTests.framework in Frameworks */ = {isa = PBXBuildFile; fileRef = 230ECBE9F334DDA61217218F /* Pods_stooqTests.framework */; };
		C79D7AD50D8741CDD5F380A3 /* Pods_stooq.framework in Frameworks */ = {isa = PBXBuildFile; fileRef = E730C11FC36B74D77EFCC051 /* Pods_stooq.framework */; };
		E2A10B641ECC9CC600A967BA /* AppDelegate.swift in Sources */ = {isa = PBXBuildFile; fileRef = E2A10B631ECC9CC600A967BA /* AppDelegate.swift */; };
		E2A10B6B1ECC9CC600A967BA /* Assets.xcassets in Resources */ = {isa = PBXBuildFile; fileRef = E2A10B6A1ECC9CC600A967BA /* Assets.xcassets */; };
		E2A10B6E1ECC9CC600A967BA /* LaunchScreen.storyboard in Resources */ = {isa = PBXBuildFile; fileRef = E2A10B6C1ECC9CC600A967BA /* LaunchScreen.storyboard */; };
		E2A10B761ECCD2BE00A967BA /* StockListViewModel.swift in Sources */ = {isa = PBXBuildFile; fileRef = E2A10B751ECCD2BE00A967BA /* StockListViewModel.swift */; };
		E2A10B781ECCD2D100A967BA /* StockListViewController.swift in Sources */ = {isa = PBXBuildFile; fileRef = E2A10B771ECCD2D100A967BA /* StockListViewController.swift */; };
		E2A10B7B1ECCD31700A967BA /* Observable.swift in Sources */ = {isa = PBXBuildFile; fileRef = E2A10B7A1ECCD31700A967BA /* Observable.swift */; };
		E2A10B7D1ECCD35100A967BA /* Stock.swift in Sources */ = {isa = PBXBuildFile; fileRef = E2A10B7C1ECCD35100A967BA /* Stock.swift */; };
		E2A10B7F1ECCD5A600A967BA /* StockListCell.swift in Sources */ = {isa = PBXBuildFile; fileRef = E2A10B7E1ECCD5A600A967BA /* StockListCell.swift */; };
		E2A10B811ECDA43100A967BA /* SupportedStock.swift in Sources */ = {isa = PBXBuildFile; fileRef = E2A10B801ECDA43100A967BA /* SupportedStock.swift */; };
		E2A10B8E1ECEB91D00A967BA /* StockListCell.xib in Resources */ = {isa = PBXBuildFile; fileRef = E2A10B8C1ECEB91D00A967BA /* StockListCell.xib */; };
/* End PBXBuildFile section */

/* Begin PBXContainerItemProxy section */
		E219C42C1ED02C7700A27444 /* PBXContainerItemProxy */ = {
			isa = PBXContainerItemProxy;
			containerPortal = E2A10B581ECC9CC600A967BA /* Project object */;
			proxyType = 1;
			remoteGlobalIDString = E2A10B5F1ECC9CC600A967BA;
			remoteInfo = stooq;
		};
/* End PBXContainerItemProxy section */

/* Begin PBXFileReference section */
		230ECBE9F334DDA61217218F /* Pods_stooqTests.framework */ = {isa = PBXFileReference; explicitFileType = wrapper.framework; includeInIndex = 0; path = Pods_stooqTests.framework; sourceTree = BUILT_PRODUCTS_DIR; };
		3794958692673E14D8319F1C /* Pods-stooq.debug.xcconfig */ = {isa = PBXFileReference; includeInIndex = 1; lastKnownFileType = text.xcconfig; name = "Pods-stooq.debug.xcconfig"; path = "Pods/Target Support Files/Pods-stooq/Pods-stooq.debug.xcconfig"; sourceTree = "<group>"; };
		7A0AB68A4F0D3C95B568EF79 /* Pods-stooqTests.release.xcconfig */ = {isa = PBXFileReference; includeInIndex = 1; lastKnownFileType = text.xcconfig; name = "Pods-stooqTests.release.xcconfig"; path = "Pods/Target Support Files/Pods-stooqTests/Pods-stooqTests.release.xcconfig"; sourceTree = "<group>"; };
		A8860ECC38AD8E4D373EDCEC /* Pods-stooq.release.xcconfig */ = {isa = PBXFileReference; includeInIndex = 1; lastKnownFileType = text.xcconfig; name = "Pods-stooq.release.xcconfig"; path = "Pods/Target Support Files/Pods-stooq/Pods-stooq.release.xcconfig"; sourceTree = "<group>"; };
		E0FF2455C9F2BF70EA327B57 /* Pods-stooqTests.debug.xcconfig */ = {isa = PBXFileReference; includeInIndex = 1; lastKnownFileType = text.xcconfig; name = "Pods-stooqTests.debug.xcconfig"; path = "Pods/Target Support Files/Pods-stooqTests/Pods-stooqTests.debug.xcconfig"; sourceTree = "<group>"; };
		E219C4271ED02C7700A27444 /* stooqTests.xctest */ = {isa = PBXFileReference; explicitFileType = wrapper.cfbundle; includeInIndex = 0; path = stooqTests.xctest; sourceTree = BUILT_PRODUCTS_DIR; };
		E219C42B1ED02C7700A27444 /* Info.plist */ = {isa = PBXFileReference; lastKnownFileType = text.plist.xml; path = Info.plist; sourceTree = "<group>"; };
		E2A10B601ECC9CC600A967BA /* stooq.app */ = {isa = PBXFileReference; explicitFileType = wrapper.application; includeInIndex = 0; path = stooq.app; sourceTree = BUILT_PRODUCTS_DIR; };
		E2A10B631ECC9CC600A967BA /* AppDelegate.swift */ = {isa = PBXFileReference; lastKnownFileType = sourcecode.swift; path = AppDelegate.swift; sourceTree = "<group>"; };
		E2A10B6A1ECC9CC600A967BA /* Assets.xcassets */ = {isa = PBXFileReference; lastKnownFileType = folder.assetcatalog; path = Assets.xcassets; sourceTree = "<group>"; };
		E2A10B6D1ECC9CC600A967BA /* Base */ = {isa = PBXFileReference; lastKnownFileType = file.storyboard; name = Base; path = Base.lproj/LaunchScreen.storyboard; sourceTree = "<group>"; };
		E2A10B6F1ECC9CC600A967BA /* Info.plist */ = {isa = PBXFileReference; lastKnownFileType = text.plist.xml; path = Info.plist; sourceTree = "<group>"; };
		E2A10B751ECCD2BE00A967BA /* StockListViewModel.swift */ = {isa = PBXFileReference; fileEncoding = 4; lastKnownFileType = sourcecode.swift; path = StockListViewModel.swift; sourceTree = "<group>"; };
		E2A10B771ECCD2D100A967BA /* StockListViewController.swift */ = {isa = PBXFileReference; fileEncoding = 4; lastKnownFileType = sourcecode.swift; path = StockListViewController.swift; sourceTree = "<group>"; };
		E2A10B7A1ECCD31700A967BA /* Observable.swift */ = {isa = PBXFileReference; fileEncoding = 4; lastKnownFileType = sourcecode.swift; path = Observable.swift; sourceTree = "<group>"; };
		E2A10B7C1ECCD35100A967BA /* Stock.swift */ = {isa = PBXFileReference; fileEncoding = 4; lastKnownFileType = sourcecode.swift; path = Stock.swift; sourceTree = "<group>"; };
		E2A10B7E1ECCD5A600A967BA /* StockListCell.swift */ = {isa = PBXFileReference; fileEncoding = 4; lastKnownFileType = sourcecode.swift; path = StockListCell.swift; sourceTree = "<group>"; };
		E2A10B801ECDA43100A967BA /* SupportedStock.swift */ = {isa = PBXFileReference; fileEncoding = 4; lastKnownFileType = sourcecode.swift; path = SupportedStock.swift; sourceTree = "<group>"; };
		E2A10B8C1ECEB91D00A967BA /* StockListCell.xib */ = {isa = PBXFileReference; fileEncoding = 4; lastKnownFileType = file.xib; path = StockListCell.xib; sourceTree = "<group>"; };
		E730C11FC36B74D77EFCC051 /* Pods_stooq.framework */ = {isa = PBXFileReference; explicitFileType = wrapper.framework; includeInIndex = 0; path = Pods_stooq.framework; sourceTree = BUILT_PRODUCTS_DIR; };
/* End PBXFileReference section */

/* Begin PBXFrameworksBuildPhase section */
		E219C4241ED02C7700A27444 /* Frameworks */ = {
			isa = PBXFrameworksBuildPhase;
			buildActionMask = 2147483647;
			files = (
				578A791F81638C5943246413 /* Pods_stooqTests.framework in Frameworks */,
			);
			runOnlyForDeploymentPostprocessing = 0;
		};
		E2A10B5D1ECC9CC600A967BA /* Frameworks */ = {
			isa = PBXFrameworksBuildPhase;
			buildActionMask = 2147483647;
			files = (
				C79D7AD50D8741CDD5F380A3 /* Pods_stooq.framework in Frameworks */,
			);
			runOnlyForDeploymentPostprocessing = 0;
		};
/* End PBXFrameworksBuildPhase section */

/* Begin PBXGroup section */
		9FECF651126C279E4434FA08 /* Frameworks */ = {
			isa = PBXGroup;
			children = (
				E730C11FC36B74D77EFCC051 /* Pods_stooq.framework */,
				230ECBE9F334DDA61217218F /* Pods_stooqTests.framework */,
			);
			name = Frameworks;
			sourceTree = "<group>";
		};
		E219C4281ED02C7700A27444 /* stooqTests */ = {
			isa = PBXGroup;
			children = (
				E219C42B1ED02C7700A27444 /* Info.plist */,
			);
			path = stooqTests;
			sourceTree = "<group>";
		};
		E2A10B571ECC9CC600A967BA = {
			isa = PBXGroup;
			children = (
				E2A10B621ECC9CC600A967BA /* stooq */,
				E219C4281ED02C7700A27444 /* stooqTests */,
				E2A10B611ECC9CC600A967BA /* Products */,
				F87A7C21C34F6269525E3284 /* Pods */,
				9FECF651126C279E4434FA08 /* Frameworks */,
			);
			sourceTree = "<group>";
		};
		E2A10B611ECC9CC600A967BA /* Products */ = {
			isa = PBXGroup;
			children = (
				E2A10B601ECC9CC600A967BA /* stooq.app */,
				E219C4271ED02C7700A27444 /* stooqTests.xctest */,
			);
			name = Products;
			sourceTree = "<group>";
		};
		E2A10B621ECC9CC600A967BA /* stooq */ = {
			isa = PBXGroup;
			children = (
				E2A10B631ECC9CC600A967BA /* AppDelegate.swift */,
				E2A10B8C1ECEB91D00A967BA /* StockListCell.xib */,
				E2A10B7E1ECCD5A600A967BA /* StockListCell.swift */,
				E2A10B771ECCD2D100A967BA /* StockListViewController.swift */,
				E2A10B751ECCD2BE00A967BA /* StockListViewModel.swift */,
				E2A10B7C1ECCD35100A967BA /* Stock.swift */,
				E2A10B801ECDA43100A967BA /* SupportedStock.swift */,
				E2A10B7A1ECCD31700A967BA /* Observable.swift */,
				E2A10B791ECCD2D800A967BA /* Support */,
			);
			path = stooq;
			sourceTree = "<group>";
		};
		E2A10B791ECCD2D800A967BA /* Support */ = {
			isa = PBXGroup;
			children = (
				E2A10B6A1ECC9CC600A967BA /* Assets.xcassets */,
				E2A10B6C1ECC9CC600A967BA /* LaunchScreen.storyboard */,
				E2A10B6F1ECC9CC600A967BA /* Info.plist */,
			);
			name = Support;
			sourceTree = "<group>";
		};
		F87A7C21C34F6269525E3284 /* Pods */ = {
			isa = PBXGroup;
			children = (
				3794958692673E14D8319F1C /* Pods-stooq.debug.xcconfig */,
				A8860ECC38AD8E4D373EDCEC /* Pods-stooq.release.xcconfig */,
				E0FF2455C9F2BF70EA327B57 /* Pods-stooqTests.debug.xcconfig */,
				7A0AB68A4F0D3C95B568EF79 /* Pods-stooqTests.release.xcconfig */,
			);
			name = Pods;
			sourceTree = "<group>";
		};
/* End PBXGroup section */

/* Begin PBXNativeTarget section */
		E219C4261ED02C7700A27444 /* stooqTests */ = {
			isa = PBXNativeTarget;
			buildConfigurationList = E219C4301ED02C7700A27444 /* Build configuration list for PBXNativeTarget "stooqTests" */;
			buildPhases = (
				839FE5E0BEFBBC48F82F9A4E /* [CP] Check Pods Manifest.lock */,
				E219C4231ED02C7700A27444 /* Sources */,
				E219C4241ED02C7700A27444 /* Frameworks */,
				E219C4251ED02C7700A27444 /* Resources */,
				9FB442AF298D4D43B3F79B54 /* [CP] Embed Pods Frameworks */,
				17117DFFF00D128B6D19606B /* [CP] Copy Pods Resources */,
			);
			buildRules = (
			);
			dependencies = (
				E219C42D1ED02C7700A27444 /* PBXTargetDependency */,
			);
			name = stooqTests;
			productName = stooqTests;
			productReference = E219C4271ED02C7700A27444 /* stooqTests.xctest */;
			productType = "com.apple.product-type.bundle.unit-test";
		};
		E2A10B5F1ECC9CC600A967BA /* stooq */ = {
			isa = PBXNativeTarget;
			buildConfigurationList = E2A10B721ECC9CC600A967BA /* Build configuration list for PBXNativeTarget "stooq" */;
			buildPhases = (
				247D792E63D961431FD5B947 /* [CP] Check Pods Manifest.lock */,
				E2A10B5C1ECC9CC600A967BA /* Sources */,
				E2A10B5D1ECC9CC600A967BA /* Frameworks */,
				E2A10B5E1ECC9CC600A967BA /* Resources */,
				3766FF8854B7D960ECC30148 /* [CP] Embed Pods Frameworks */,
				72EA4393CF342713624A943D /* [CP] Copy Pods Resources */,
			);
			buildRules = (
			);
			dependencies = (
			);
			name = stooq;
			productName = stooq;
			productReference = E2A10B601ECC9CC600A967BA /* stooq.app */;
			productType = "com.apple.product-type.application";
		};
/* End PBXNativeTarget section */

/* Begin PBXProject section */
		E2A10B581ECC9CC600A967BA /* Project object */ = {
			isa = PBXProject;
			attributes = {
				LastSwiftUpdateCheck = 0830;
				LastUpgradeCheck = 0830;
				ORGANIZATIONNAME = "KK-Lab";
				TargetAttributes = {
					E219C4261ED02C7700A27444 = {
						CreatedOnToolsVersion = 8.3.2;
						ProvisioningStyle = Automatic;
						TestTargetID = E2A10B5F1ECC9CC600A967BA;
					};
					E2A10B5F1ECC9CC600A967BA = {
						CreatedOnToolsVersion = 8.3.2;
						ProvisioningStyle = Manual;
					};
				};
			};
			buildConfigurationList = E2A10B5B1ECC9CC600A967BA /* Build configuration list for PBXProject "stooq" */;
			compatibilityVersion = "Xcode 3.2";
			developmentRegion = English;
			hasScannedForEncodings = 0;
			knownRegions = (
				en,
				Base,
			);
			mainGroup = E2A10B571ECC9CC600A967BA;
			productRefGroup = E2A10B611ECC9CC600A967BA /* Products */;
			projectDirPath = "";
			projectRoot = "";
			targets = (
				E2A10B5F1ECC9CC600A967BA /* stooq */,
				E219C4261ED02C7700A27444 /* stooqTests */,
			);
		};
/* End PBXProject section */

/* Begin PBXResourcesBuildPhase section */
		E219C4251ED02C7700A27444 /* Resources */ = {
			isa = PBXResourcesBuildPhase;
			buildActionMask = 2147483647;
			files = (
			);
			runOnlyForDeploymentPostprocessing = 0;
		};
		E2A10B5E1ECC9CC600A967BA /* Resources */ = {
			isa = PBXResourcesBuildPhase;
			buildActionMask = 2147483647;
			files = (
				E2A10B6E1ECC9CC600A967BA /* LaunchScreen.storyboard in Resources */,
				E2A10B8E1ECEB91D00A967BA /* StockListCell.xib in Resources */,
				E2A10B6B1ECC9CC600A967BA /* Assets.xcassets in Resources */,
			);
			runOnlyForDeploymentPostprocessing = 0;
		};
/* End PBXResourcesBuildPhase section */

/* Begin PBXShellScriptBuildPhase section */
		17117DFFF00D128B6D19606B /* [CP] Copy Pods Resources */ = {
			isa = PBXShellScriptBuildPhase;
			buildActionMask = 2147483647;
			files = (
			);
			inputPaths = (
			);
			name = "[CP] Copy Pods Resources";
			outputPaths = (
			);
			runOnlyForDeploymentPostprocessing = 0;
			shellPath = /bin/sh;
			shellScript = "\"${SRCROOT}/Pods/Target Support Files/Pods-stooqTests/Pods-stooqTests-resources.sh\"\n";
			showEnvVarsInLog = 0;
		};
		247D792E63D961431FD5B947 /* [CP] Check Pods Manifest.lock */ = {
			isa = PBXShellScriptBuildPhase;
			buildActionMask = 2147483647;
			files = (
			);
			inputPaths = (
			);
			name = "[CP] Check Pods Manifest.lock";
			outputPaths = (
			);
			runOnlyForDeploymentPostprocessing = 0;
			shellPath = /bin/sh;
			shellScript = "diff \"${PODS_PODFILE_DIR_PATH}/Podfile.lock\" \"${PODS_ROOT}/Manifest.lock\" > /dev/null\nif [ $? != 0 ] ; then\n    # print error to STDERR\n    echo \"error: The sandbox is not in sync with the Podfile.lock. Run 'pod install' or update your CocoaPods installation.\" >&2\n    exit 1\nfi\n";
			showEnvVarsInLog = 0;
		};
		3766FF8854B7D960ECC30148 /* [CP] Embed Pods Frameworks */ = {
			isa = PBXShellScriptBuildPhase;
			buildActionMask = 2147483647;
			files = (
			);
			inputPaths = (
			);
			name = "[CP] Embed Pods Frameworks";
			outputPaths = (
			);
			runOnlyForDeploymentPostprocessing = 0;
			shellPath = /bin/sh;
			shellScript = "\"${SRCROOT}/Pods/Target Support Files/Pods-stooq/Pods-stooq-frameworks.sh\"\n";
			showEnvVarsInLog = 0;
		};
		72EA4393CF342713624A943D /* [CP] Copy Pods Resources */ = {
			isa = PBXShellScriptBuildPhase;
			buildActionMask = 2147483647;
			files = (
			);
			inputPaths = (
			);
			name = "[CP] Copy Pods Resources";
			outputPaths = (
			);
			runOnlyForDeploymentPostprocessing = 0;
			shellPath = /bin/sh;
			shellScript = "\"${SRCROOT}/Pods/Target Support Files/Pods-stooq/Pods-stooq-resources.sh\"\n";
			showEnvVarsInLog = 0;
		};
		839FE5E0BEFBBC48F82F9A4E /* [CP] Check Pods Manifest.lock */ = {
			isa = PBXShellScriptBuildPhase;
			buildActionMask = 2147483647;
			files = (
			);
			inputPaths = (
			);
			name = "[CP] Check Pods Manifest.lock";
			outputPaths = (
			);
			runOnlyForDeploymentPostprocessing = 0;
			shellPath = /bin/sh;
			shellScript = "diff \"${PODS_PODFILE_DIR_PATH}/Podfile.lock\" \"${PODS_ROOT}/Manifest.lock\" > /dev/null\nif [ $? != 0 ] ; then\n    # print error to STDERR\n    echo \"error: The sandbox is not in sync with the Podfile.lock. Run 'pod install' or update your CocoaPods installation.\" >&2\n    exit 1\nfi\n";
			showEnvVarsInLog = 0;
		};
		9FB442AF298D4D43B3F79B54 /* [CP] Embed Pods Frameworks */ = {
			isa = PBXShellScriptBuildPhase;
			buildActionMask = 2147483647;
			files = (
			);
			inputPaths = (
			);
			name = "[CP] Embed Pods Frameworks";
			outputPaths = (
			);
			runOnlyForDeploymentPostprocessing = 0;
			shellPath = /bin/sh;
			shellScript = "\"${SRCROOT}/Pods/Target Support Files/Pods-stooqTests/Pods-stooqTests-frameworks.sh\"\n";
			showEnvVarsInLog = 0;
		};
/* End PBXShellScriptBuildPhase section */

/* Begin PBXSourcesBuildPhase section */
		E219C4231ED02C7700A27444 /* Sources */ = {
			isa = PBXSourcesBuildPhase;
			buildActionMask = 2147483647;
			files = (
			);
			runOnlyForDeploymentPostprocessing = 0;
		};
		E2A10B5C1ECC9CC600A967BA /* Sources */ = {
			isa = PBXSourcesBuildPhase;
			buildActionMask = 2147483647;
			files = (
				E2A10B7F1ECCD5A600A967BA /* StockListCell.swift in Sources */,
				E2A10B7B1ECCD31700A967BA /* Observable.swift in Sources */,
				E2A10B781ECCD2D100A967BA /* StockListViewController.swift in Sources */,
				E2A10B761ECCD2BE00A967BA /* StockListViewModel.swift in Sources */,
				E2A10B7D1ECCD35100A967BA /* Stock.swift in Sources */,
				E2A10B641ECC9CC600A967BA /* AppDelegate.swift in Sources */,
				E2A10B811ECDA43100A967BA /* SupportedStock.swift in Sources */,
			);
			runOnlyForDeploymentPostprocessing = 0;
		};
/* End PBXSourcesBuildPhase section */

/* Begin PBXTargetDependency section */
		E219C42D1ED02C7700A27444 /* PBXTargetDependency */ = {
			isa = PBXTargetDependency;
			target = E2A10B5F1ECC9CC600A967BA /* stooq */;
			targetProxy = E219C42C1ED02C7700A27444 /* PBXContainerItemProxy */;
		};
/* End PBXTargetDependency section */

/* Begin PBXVariantGroup section */
		E2A10B6C1ECC9CC600A967BA /* LaunchScreen.storyboard */ = {
			isa = PBXVariantGroup;
			children = (
				E2A10B6D1ECC9CC600A967BA /* Base */,
			);
			name = LaunchScreen.storyboard;
			sourceTree = "<group>";
		};
/* End PBXVariantGroup section */

/* Begin XCBuildConfiguration section */
		E219C42E1ED02C7700A27444 /* Debug */ = {
			isa = XCBuildConfiguration;
			baseConfigurationReference = E0FF2455C9F2BF70EA327B57 /* Pods-stooqTests.debug.xcconfig */;
			buildSettings = {
				BUNDLE_LOADER = "$(TEST_HOST)";
				INFOPLIST_FILE = stooqTests/Info.plist;
				LD_RUNPATH_SEARCH_PATHS = "$(inherited) @executable_path/Frameworks @loader_path/Frameworks";
				PRODUCT_BUNDLE_IDENTIFIER = "com.kk-lab.stooqTests";
				PRODUCT_NAME = "$(TARGET_NAME)";
				SWIFT_VERSION = 3.0;
				TEST_HOST = "$(BUILT_PRODUCTS_DIR)/stooq.app/stooq";
			};
			name = Debug;
		};
		E219C42F1ED02C7700A27444 /* Release */ = {
			isa = XCBuildConfiguration;
			baseConfigurationReference = 7A0AB68A4F0D3C95B568EF79 /* Pods-stooqTests.release.xcconfig */;
			buildSettings = {
				BUNDLE_LOADER = "$(TEST_HOST)";
				INFOPLIST_FILE = stooqTests/Info.plist;
				LD_RUNPATH_SEARCH_PATHS = "$(inherited) @executable_path/Frameworks @loader_path/Frameworks";
				PRODUCT_BUNDLE_IDENTIFIER = "com.kk-lab.stooqTests";
				PRODUCT_NAME = "$(TARGET_NAME)";
				SWIFT_VERSION = 3.0;
				TEST_HOST = "$(BUILT_PRODUCTS_DIR)/stooq.app/stooq";
			};
			name = Release;
		};
		E2A10B701ECC9CC600A967BA /* Debug */ = {
			isa = XCBuildConfiguration;
			buildSettings = {
				ALWAYS_SEARCH_USER_PATHS = NO;
				CLANG_ANALYZER_NONNULL = YES;
				CLANG_ANALYZER_NUMBER_OBJECT_CONVERSION = YES_AGGRESSIVE;
				CLANG_CXX_LANGUAGE_STANDARD = "gnu++0x";
				CLANG_CXX_LIBRARY = "libc++";
				CLANG_ENABLE_MODULES = YES;
				CLANG_ENABLE_OBJC_ARC = YES;
				CLANG_WARN_BOOL_CONVERSION = YES;
				CLANG_WARN_CONSTANT_CONVERSION = YES;
				CLANG_WARN_DIRECT_OBJC_ISA_USAGE = YES_ERROR;
				CLANG_WARN_DOCUMENTATION_COMMENTS = YES;
				CLANG_WARN_EMPTY_BODY = YES;
				CLANG_WARN_ENUM_CONVERSION = YES;
				CLANG_WARN_INFINITE_RECURSION = YES;
				CLANG_WARN_INT_CONVERSION = YES;
				CLANG_WARN_OBJC_ROOT_CLASS = YES_ERROR;
				CLANG_WARN_SUSPICIOUS_MOVE = YES;
				CLANG_WARN_UNREACHABLE_CODE = YES;
				CLANG_WARN__DUPLICATE_METHOD_MATCH = YES;
				"CODE_SIGN_IDENTITY[sdk=iphoneos*]" = "iPhone Developer";
				COPY_PHASE_STRIP = NO;
				DEBUG_INFORMATION_FORMAT = dwarf;
				ENABLE_STRICT_OBJC_MSGSEND = YES;
				ENABLE_TESTABILITY = YES;
				GCC_C_LANGUAGE_STANDARD = gnu99;
				GCC_DYNAMIC_NO_PIC = NO;
				GCC_NO_COMMON_BLOCKS = YES;
				GCC_OPTIMIZATION_LEVEL = 0;
				GCC_PREPROCESSOR_DEFINITIONS = (
					"DEBUG=1",
					"$(inherited)",
				);
				GCC_WARN_64_TO_32_BIT_CONVERSION = YES;
				GCC_WARN_ABOUT_RETURN_TYPE = YES_ERROR;
				GCC_WARN_UNDECLARED_SELECTOR = YES;
				GCC_WARN_UNINITIALIZED_AUTOS = YES_AGGRESSIVE;
				GCC_WARN_UNUSED_FUNCTION = YES;
				GCC_WARN_UNUSED_VARIABLE = YES;
				IPHONEOS_DEPLOYMENT_TARGET = 10.3;
				MTL_ENABLE_DEBUG_INFO = YES;
				ONLY_ACTIVE_ARCH = YES;
				SDKROOT = iphoneos;
				SWIFT_ACTIVE_COMPILATION_CONDITIONS = DEBUG;
				SWIFT_OPTIMIZATION_LEVEL = "-Onone";
			};
			name = Debug;
		};
		E2A10B711ECC9CC600A967BA /* Release */ = {
			isa = XCBuildConfiguration;
			buildSettings = {
				ALWAYS_SEARCH_USER_PATHS = NO;
				CLANG_ANALYZER_NONNULL = YES;
				CLANG_ANALYZER_NUMBER_OBJECT_CONVERSION = YES_AGGRESSIVE;
				CLANG_CXX_LANGUAGE_STANDARD = "gnu++0x";
				CLANG_CXX_LIBRARY = "libc++";
				CLANG_ENABLE_MODULES = YES;
				CLANG_ENABLE_OBJC_ARC = YES;
				CLANG_WARN_BOOL_CONVERSION = YES;
				CLANG_WARN_CONSTANT_CONVERSION = YES;
				CLANG_WARN_DIRECT_OBJC_ISA_USAGE = YES_ERROR;
				CLANG_WARN_DOCUMENTATION_COMMENTS = YES;
				CLANG_WARN_EMPTY_BODY = YES;
				CLANG_WARN_ENUM_CONVERSION = YES;
				CLANG_WARN_INFINITE_RECURSION = YES;
				CLANG_WARN_INT_CONVERSION = YES;
				CLANG_WARN_OBJC_ROOT_CLASS = YES_ERROR;
				CLANG_WARN_SUSPICIOUS_MOVE = YES;
				CLANG_WARN_UNREACHABLE_CODE = YES;
				CLANG_WARN__DUPLICATE_METHOD_MATCH = YES;
				"CODE_SIGN_IDENTITY[sdk=iphoneos*]" = "iPhone Developer";
				COPY_PHASE_STRIP = NO;
				DEBUG_INFORMATION_FORMAT = "dwarf-with-dsym";
				ENABLE_NS_ASSERTIONS = NO;
				ENABLE_STRICT_OBJC_MSGSEND = YES;
				GCC_C_LANGUAGE_STANDARD = gnu99;
				GCC_NO_COMMON_BLOCKS = YES;
				GCC_WARN_64_TO_32_BIT_CONVERSION = YES;
				GCC_WARN_ABOUT_RETURN_TYPE = YES_ERROR;
				GCC_WARN_UNDECLARED_SELECTOR = YES;
				GCC_WARN_UNINITIALIZED_AUTOS = YES_AGGRESSIVE;
				GCC_WARN_UNUSED_FUNCTION = YES;
				GCC_WARN_UNUSED_VARIABLE = YES;
				IPHONEOS_DEPLOYMENT_TARGET = 10.3;
				MTL_ENABLE_DEBUG_INFO = NO;
				SDKROOT = iphoneos;
				SWIFT_OPTIMIZATION_LEVEL = "-Owholemodule";
				VALIDATE_PRODUCT = YES;
			};
			name = Release;
		};
		E2A10B731ECC9CC600A967BA /* Debug */ = {
			isa = XCBuildConfiguration;
			baseConfigurationReference = 3794958692673E14D8319F1C /* Pods-stooq.debug.xcconfig */;
			buildSettings = {
				ASSETCATALOG_COMPILER_APPICON_NAME = AppIcon;
				DEVELOPMENT_TEAM = "";
				INFOPLIST_FILE = stooq/Info.plist;
				LD_RUNPATH_SEARCH_PATHS = "$(inherited) @executable_path/Frameworks";
				PRODUCT_BUNDLE_IDENTIFIER = "com.kk-lab.stooq";
				PRODUCT_NAME = "$(TARGET_NAME)";
				PROVISIONING_PROFILE_SPECIFIER = "";
				SWIFT_VERSION = 3.0;
			};
			name = Debug;
		};
		E2A10B741ECC9CC600A967BA /* Release */ = {
			isa = XCBuildConfiguration;
			baseConfigurationReference = A8860ECC38AD8E4D373EDCEC /* Pods-stooq.release.xcconfig */;
			buildSettings = {
				ASSETCATALOG_COMPILER_APPICON_NAME = AppIcon;
				DEVELOPMENT_TEAM = "";
				INFOPLIST_FILE = stooq/Info.plist;
				LD_RUNPATH_SEARCH_PATHS = "$(inherited) @executable_path/Frameworks";
				PRODUCT_BUNDLE_IDENTIFIER = "com.kk-lab.stooq";
				PRODUCT_NAME = "$(TARGET_NAME)";
				PROVISIONING_PROFILE_SPECIFIER = "";
				SWIFT_VERSION = 3.0;
			};
			name = Release;
		};
/* End XCBuildConfiguration section */

/* Begin XCConfigurationList section */
		E219C4301ED02C7700A27444 /* Build configuration list for PBXNativeTarget "stooqTests" */ = {
			isa = XCConfigurationList;
			buildConfigurations = (
				E219C42E1ED02C7700A27444 /* Debug */,
				E219C42F1ED02C7700A27444 /* Release */,
			);
			defaultConfigurationIsVisible = 0;
			defaultConfigurationName = Release;
		};
		E2A10B5B1ECC9CC600A967BA /* Build configuration list for PBXProject "stooq" */ = {
			isa = XCConfigurationList;
			buildConfigurations = (
				E2A10B701ECC9CC600A967BA /* Debug */,
				E2A10B711ECC9CC600A967BA /* Release */,
			);
			defaultConfigurationIsVisible = 0;
			defaultConfigurationName = Release;
		};
		E2A10B721ECC9CC600A967BA /* Build configuration list for PBXNativeTarget "stooq" */ = {
			isa = XCConfigurationList;
			buildConfigurations = (
				E2A10B731ECC9CC600A967BA /* Debug */,
				E2A10B741ECC9CC600A967BA /* Release */,
			);
			defaultConfigurationIsVisible = 0;
			defaultConfigurationName = Release;
		};
/* End XCConfigurationList section */
	};
	rootObject = E2A10B581ECC9CC600A967BA /* Project object */;
}
